// !$*UTF8*$!
{
	archiveVersion = 1;
	classes = {
	};
	objectVersion = 46;
	objects = {

/* Begin PBXBuildFile section */
		FA82AD131C399F7C007AC32B /* DelegateForwarder.m in Sources */ = {isa = PBXBuildFile; fileRef = FA82AD0C1C399F7C007AC32B /* DelegateForwarder.m */; };
		FA82AD141C399F7C007AC32B /* DelegateForwarder.m in Sources */ = {isa = PBXBuildFile; fileRef = FA82AD0C1C399F7C007AC32B /* DelegateForwarder.m */; };
		FA82AD151C399F7C007AC32B /* DelegateForwarder.m in Sources */ = {isa = PBXBuildFile; fileRef = FA82AD0C1C399F7C007AC32B /* DelegateForwarder.m */; };
		FA82AD161C399F7C007AC32B /* TextFieldFormattingBehavoiur.m in Sources */ = {isa = PBXBuildFile; fileRef = FA82AD0E1C399F7C007AC32B /* TextFieldFormattingBehavoiur.m */; };
		FA82AD171C399F7C007AC32B /* TextFieldFormattingBehavoiur.m in Sources */ = {isa = PBXBuildFile; fileRef = FA82AD0E1C399F7C007AC32B /* TextFieldFormattingBehavoiur.m */; };
		FA82AD181C399F7C007AC32B /* TextFieldFormattingBehavoiur.m in Sources */ = {isa = PBXBuildFile; fileRef = FA82AD0E1C399F7C007AC32B /* TextFieldFormattingBehavoiur.m */; };
		FA82AD191C399F7C007AC32B /* UIBehaviour.m in Sources */ = {isa = PBXBuildFile; fileRef = FA82AD101C399F7C007AC32B /* UIBehaviour.m */; };
		FA82AD1A1C399F7C007AC32B /* UIBehaviour.m in Sources */ = {isa = PBXBuildFile; fileRef = FA82AD101C399F7C007AC32B /* UIBehaviour.m */; };
		FA82AD1B1C399F7C007AC32B /* UIBehaviour.m in Sources */ = {isa = PBXBuildFile; fileRef = FA82AD101C399F7C007AC32B /* UIBehaviour.m */; };
		FA82AD1C1C399F7C007AC32B /* UIView+UIBehaviours.m in Sources */ = {isa = PBXBuildFile; fileRef = FA82AD121C399F7C007AC32B /* UIView+UIBehaviours.m */; };
		FA82AD1D1C399F7C007AC32B /* UIView+UIBehaviours.m in Sources */ = {isa = PBXBuildFile; fileRef = FA82AD121C399F7C007AC32B /* UIView+UIBehaviours.m */; };
		FA82AD1E1C399F7C007AC32B /* UIView+UIBehaviours.m in Sources */ = {isa = PBXBuildFile; fileRef = FA82AD121C399F7C007AC32B /* UIView+UIBehaviours.m */; };
		FAEC02931C397CE5004D6D31 /* main.m in Sources */ = {isa = PBXBuildFile; fileRef = FAEC02921C397CE5004D6D31 /* main.m */; };
		FAEC02961C397CE5004D6D31 /* AppDelegate.m in Sources */ = {isa = PBXBuildFile; fileRef = FAEC02951C397CE5004D6D31 /* AppDelegate.m */; };
		FAEC02991C397CE5004D6D31 /* ViewController.m in Sources */ = {isa = PBXBuildFile; fileRef = FAEC02981C397CE5004D6D31 /* ViewController.m */; };
		FAEC029C1C397CE5004D6D31 /* Main.storyboard in Resources */ = {isa = PBXBuildFile; fileRef = FAEC029A1C397CE5004D6D31 /* Main.storyboard */; };
		FAEC029F1C397CE5004D6D31 /* UIBehavioursExample.xcdatamodeld in Sources */ = {isa = PBXBuildFile; fileRef = FAEC029D1C397CE5004D6D31 /* UIBehavioursExample.xcdatamodeld */; };
		FAEC02A11C397CE5004D6D31 /* Assets.xcassets in Resources */ = {isa = PBXBuildFile; fileRef = FAEC02A01C397CE5004D6D31 /* Assets.xcassets */; };
		FAEC02A41C397CE5004D6D31 /* LaunchScreen.storyboard in Resources */ = {isa = PBXBuildFile; fileRef = FAEC02A21C397CE5004D6D31 /* LaunchScreen.storyboard */; };
		FAEC02AF1C397CE5004D6D31 /* UIBehavioursExampleTests.m in Sources */ = {isa = PBXBuildFile; fileRef = FAEC02AE1C397CE5004D6D31 /* UIBehavioursExampleTests.m */; };
		FAEC02BA1C397CE5004D6D31 /* UIBehavioursExampleUITests.m in Sources */ = {isa = PBXBuildFile; fileRef = FAEC02B91C397CE5004D6D31 /* UIBehavioursExampleUITests.m */; };
/* End PBXBuildFile section */

/* Begin PBXContainerItemProxy section */
		FAEC02AB1C397CE5004D6D31 /* PBXContainerItemProxy */ = {
			isa = PBXContainerItemProxy;
			containerPortal = FAEC02861C397CE4004D6D31 /* Project object */;
			proxyType = 1;
			remoteGlobalIDString = FAEC028D1C397CE5004D6D31;
			remoteInfo = UIBehavioursExample;
		};
		FAEC02B61C397CE5004D6D31 /* PBXContainerItemProxy */ = {
			isa = PBXContainerItemProxy;
			containerPortal = FAEC02861C397CE4004D6D31 /* Project object */;
			proxyType = 1;
			remoteGlobalIDString = FAEC028D1C397CE5004D6D31;
			remoteInfo = UIBehavioursExample;
		};
/* End PBXContainerItemProxy section */

/* Begin PBXFileReference section */
		FA82AD0B1C399F7C007AC32B /* DelegateForwarder.h */ = {isa = PBXFileReference; fileEncoding = 4; lastKnownFileType = sourcecode.c.h; path = DelegateForwarder.h; sourceTree = "<group>"; };
		FA82AD0C1C399F7C007AC32B /* DelegateForwarder.m */ = {isa = PBXFileReference; fileEncoding = 4; lastKnownFileType = sourcecode.c.objc; path = DelegateForwarder.m; sourceTree = "<group>"; };
		FA82AD0D1C399F7C007AC32B /* TextFieldFormattingBehavoiur.h */ = {isa = PBXFileReference; fileEncoding = 4; lastKnownFileType = sourcecode.c.h; path = TextFieldFormattingBehavoiur.h; sourceTree = "<group>"; };
		FA82AD0E1C399F7C007AC32B /* TextFieldFormattingBehavoiur.m */ = {isa = PBXFileReference; fileEncoding = 4; lastKnownFileType = sourcecode.c.objc; path = TextFieldFormattingBehavoiur.m; sourceTree = "<group>"; };
		FA82AD0F1C399F7C007AC32B /* UIBehaviour.h */ = {isa = PBXFileReference; fileEncoding = 4; lastKnownFileType = sourcecode.c.h; path = UIBehaviour.h; sourceTree = "<group>"; };
		FA82AD101C399F7C007AC32B /* UIBehaviour.m */ = {isa = PBXFileReference; fileEncoding = 4; lastKnownFileType = sourcecode.c.objc; path = UIBehaviour.m; sourceTree = "<group>"; };
		FA82AD111C399F7C007AC32B /* UIView+UIBehaviours.h */ = {isa = PBXFileReference; fileEncoding = 4; lastKnownFileType = sourcecode.c.h; path = "UIView+UIBehaviours.h"; sourceTree = "<group>"; };
		FA82AD121C399F7C007AC32B /* UIView+UIBehaviours.m */ = {isa = PBXFileReference; fileEncoding = 4; lastKnownFileType = sourcecode.c.objc; path = "UIView+UIBehaviours.m"; sourceTree = "<group>"; };
		FAEC028E1C397CE5004D6D31 /* UIBehavioursExample.app */ = {isa = PBXFileReference; explicitFileType = wrapper.application; includeInIndex = 0; path = UIBehavioursExample.app; sourceTree = BUILT_PRODUCTS_DIR; };
		FAEC02921C397CE5004D6D31 /* main.m */ = {isa = PBXFileReference; lastKnownFileType = sourcecode.c.objc; path = main.m; sourceTree = "<group>"; };
		FAEC02941C397CE5004D6D31 /* AppDelegate.h */ = {isa = PBXFileReference; lastKnownFileType = sourcecode.c.h; path = AppDelegate.h; sourceTree = "<group>"; };
		FAEC02951C397CE5004D6D31 /* AppDelegate.m */ = {isa = PBXFileReference; lastKnownFileType = sourcecode.c.objc; path = AppDelegate.m; sourceTree = "<group>"; };
		FAEC02971C397CE5004D6D31 /* ViewController.h */ = {isa = PBXFileReference; lastKnownFileType = sourcecode.c.h; path = ViewController.h; sourceTree = "<group>"; };
		FAEC02981C397CE5004D6D31 /* ViewController.m */ = {isa = PBXFileReference; lastKnownFileType = sourcecode.c.objc; path = ViewController.m; sourceTree = "<group>"; };
		FAEC029B1C397CE5004D6D31 /* Base */ = {isa = PBXFileReference; lastKnownFileType = file.storyboard; name = Base; path = Base.lproj/Main.storyboard; sourceTree = "<group>"; };
		FAEC029E1C397CE5004D6D31 /* UIBehavioursExample.xcdatamodel */ = {isa = PBXFileReference; lastKnownFileType = wrapper.xcdatamodel; path = UIBehavioursExample.xcdatamodel; sourceTree = "<group>"; };
		FAEC02A01C397CE5004D6D31 /* Assets.xcassets */ = {isa = PBXFileReference; lastKnownFileType = folder.assetcatalog; path = Assets.xcassets; sourceTree = "<group>"; };
		FAEC02A31C397CE5004D6D31 /* Base */ = {isa = PBXFileReference; lastKnownFileType = file.storyboard; name = Base; path = Base.lproj/LaunchScreen.storyboard; sourceTree = "<group>"; };
		FAEC02A51C397CE5004D6D31 /* Info.plist */ = {isa = PBXFileReference; lastKnownFileType = text.plist.xml; path = Info.plist; sourceTree = "<group>"; };
		FAEC02AA1C397CE5004D6D31 /* UIBehavioursExampleTests.xctest */ = {isa = PBXFileReference; explicitFileType = wrapper.cfbundle; includeInIndex = 0; path = UIBehavioursExampleTests.xctest; sourceTree = BUILT_PRODUCTS_DIR; };
		FAEC02AE1C397CE5004D6D31 /* UIBehavioursExampleTests.m */ = {isa = PBXFileReference; lastKnownFileType = sourcecode.c.objc; path = UIBehavioursExampleTests.m; sourceTree = "<group>"; };
		FAEC02B01C397CE5004D6D31 /* Info.plist */ = {isa = PBXFileReference; lastKnownFileType = text.plist.xml; path = Info.plist; sourceTree = "<group>"; };
		FAEC02B51C397CE5004D6D31 /* UIBehavioursExampleUITests.xctest */ = {isa = PBXFileReference; explicitFileType = wrapper.cfbundle; includeInIndex = 0; path = UIBehavioursExampleUITests.xctest; sourceTree = BUILT_PRODUCTS_DIR; };
		FAEC02B91C397CE5004D6D31 /* UIBehavioursExampleUITests.m */ = {isa = PBXFileReference; lastKnownFileType = sourcecode.c.objc; path = UIBehavioursExampleUITests.m; sourceTree = "<group>"; };
		FAEC02BB1C397CE5004D6D31 /* Info.plist */ = {isa = PBXFileReference; lastKnownFileType = text.plist.xml; path = Info.plist; sourceTree = "<group>"; };
/* End PBXFileReference section */

/* Begin PBXFrameworksBuildPhase section */
		FAEC028B1C397CE5004D6D31 /* Frameworks */ = {
			isa = PBXFrameworksBuildPhase;
			buildActionMask = 2147483647;
			files = (
			);
			runOnlyForDeploymentPostprocessing = 0;
		};
		FAEC02A71C397CE5004D6D31 /* Frameworks */ = {
			isa = PBXFrameworksBuildPhase;
			buildActionMask = 2147483647;
			files = (
			);
			runOnlyForDeploymentPostprocessing = 0;
		};
		FAEC02B21C397CE5004D6D31 /* Frameworks */ = {
			isa = PBXFrameworksBuildPhase;
			buildActionMask = 2147483647;
			files = (
			);
			runOnlyForDeploymentPostprocessing = 0;
		};
/* End PBXFrameworksBuildPhase section */

/* Begin PBXGroup section */
		FA82AD0A1C399F7C007AC32B /* UIBehaviours */ = {
			isa = PBXGroup;
			children = (
				FA82AD0F1C399F7C007AC32B /* UIBehaviour.h */,
				FA82AD101C399F7C007AC32B /* UIBehaviour.m */,
				FA82AD0D1C399F7C007AC32B /* TextFieldFormattingBehavoiur.h */,
				FA82AD0E1C399F7C007AC32B /* TextFieldFormattingBehavoiur.m */,
				FA82AD111C399F7C007AC32B /* UIView+UIBehaviours.h */,
				FA82AD121C399F7C007AC32B /* UIView+UIBehaviours.m */,
				FA82AD0B1C399F7C007AC32B /* DelegateForwarder.h */,
				FA82AD0C1C399F7C007AC32B /* DelegateForwarder.m */,
			);
			name = UIBehaviours;
			path = ../UIBehaviours;
			sourceTree = "<group>";
		};
		FAEC02851C397CE4004D6D31 = {
			isa = PBXGroup;
			children = (
				FA82AD0A1C399F7C007AC32B /* UIBehaviours */,
				FAEC02901C397CE5004D6D31 /* UIBehavioursExample */,
				FAEC02AD1C397CE5004D6D31 /* UIBehavioursExampleTests */,
				FAEC02B81C397CE5004D6D31 /* UIBehavioursExampleUITests */,
				FAEC028F1C397CE5004D6D31 /* Products */,
			);
			sourceTree = "<group>";
		};
		FAEC028F1C397CE5004D6D31 /* Products */ = {
			isa = PBXGroup;
			children = (
				FAEC028E1C397CE5004D6D31 /* UIBehavioursExample.app */,
				FAEC02AA1C397CE5004D6D31 /* UIBehavioursExampleTests.xctest */,
				FAEC02B51C397CE5004D6D31 /* UIBehavioursExampleUITests.xctest */,
			);
			name = Products;
			sourceTree = "<group>";
		};
		FAEC02901C397CE5004D6D31 /* UIBehavioursExample */ = {
			isa = PBXGroup;
			children = (
				FAEC02941C397CE5004D6D31 /* AppDelegate.h */,
				FAEC02951C397CE5004D6D31 /* AppDelegate.m */,
				FAEC02971C397CE5004D6D31 /* ViewController.h */,
				FAEC02981C397CE5004D6D31 /* ViewController.m */,
				FAEC029A1C397CE5004D6D31 /* Main.storyboard */,
				FAEC02A01C397CE5004D6D31 /* Assets.xcassets */,
				FAEC02A21C397CE5004D6D31 /* LaunchScreen.storyboard */,
				FAEC02A51C397CE5004D6D31 /* Info.plist */,
				FAEC029D1C397CE5004D6D31 /* UIBehavioursExample.xcdatamodeld */,
				FAEC02911C397CE5004D6D31 /* Supporting Files */,
			);
			path = UIBehavioursExample;
			sourceTree = "<group>";
		};
		FAEC02911C397CE5004D6D31 /* Supporting Files */ = {
			isa = PBXGroup;
			children = (
				FAEC02921C397CE5004D6D31 /* main.m */,
			);
			name = "Supporting Files";
			sourceTree = "<group>";
		};
		FAEC02AD1C397CE5004D6D31 /* UIBehavioursExampleTests */ = {
			isa = PBXGroup;
			children = (
				FAEC02AE1C397CE5004D6D31 /* UIBehavioursExampleTests.m */,
				FAEC02B01C397CE5004D6D31 /* Info.plist */,
			);
			path = UIBehavioursExampleTests;
			sourceTree = "<group>";
		};
		FAEC02B81C397CE5004D6D31 /* UIBehavioursExampleUITests */ = {
			isa = PBXGroup;
			children = (
				FAEC02B91C397CE5004D6D31 /* UIBehavioursExampleUITests.m */,
				FAEC02BB1C397CE5004D6D31 /* Info.plist */,
			);
			path = UIBehavioursExampleUITests;
			sourceTree = "<group>";
		};
/* End PBXGroup section */

/* Begin PBXNativeTarget section */
		FAEC028D1C397CE5004D6D31 /* UIBehavioursExample */ = {
			isa = PBXNativeTarget;
			buildConfigurationList = FAEC02BE1C397CE5004D6D31 /* Build configuration list for PBXNativeTarget "UIBehavioursExample" */;
			buildPhases = (
				FAEC028A1C397CE5004D6D31 /* Sources */,
				FAEC028B1C397CE5004D6D31 /* Frameworks */,
				FAEC028C1C397CE5004D6D31 /* Resources */,
			);
			buildRules = (
			);
			dependencies = (
			);
			name = UIBehavioursExample;
			productName = UIBehavioursExample;
			productReference = FAEC028E1C397CE5004D6D31 /* UIBehavioursExample.app */;
			productType = "com.apple.product-type.application";
		};
		FAEC02A91C397CE5004D6D31 /* UIBehavioursExampleTests */ = {
			isa = PBXNativeTarget;
			buildConfigurationList = FAEC02C11C397CE5004D6D31 /* Build configuration list for PBXNativeTarget "UIBehavioursExampleTests" */;
			buildPhases = (
				FAEC02A61C397CE5004D6D31 /* Sources */,
				FAEC02A71C397CE5004D6D31 /* Frameworks */,
				FAEC02A81C397CE5004D6D31 /* Resources */,
			);
			buildRules = (
			);
			dependencies = (
				FAEC02AC1C397CE5004D6D31 /* PBXTargetDependency */,
			);
			name = UIBehavioursExampleTests;
			productName = UIBehavioursExampleTests;
			productReference = FAEC02AA1C397CE5004D6D31 /* UIBehavioursExampleTests.xctest */;
			productType = "com.apple.product-type.bundle.unit-test";
		};
		FAEC02B41C397CE5004D6D31 /* UIBehavioursExampleUITests */ = {
			isa = PBXNativeTarget;
			buildConfigurationList = FAEC02C41C397CE5004D6D31 /* Build configuration list for PBXNativeTarget "UIBehavioursExampleUITests" */;
			buildPhases = (
				FAEC02B11C397CE5004D6D31 /* Sources */,
				FAEC02B21C397CE5004D6D31 /* Frameworks */,
				FAEC02B31C397CE5004D6D31 /* Resources */,
			);
			buildRules = (
			);
			dependencies = (
				FAEC02B71C397CE5004D6D31 /* PBXTargetDependency */,
			);
			name = UIBehavioursExampleUITests;
			productName = UIBehavioursExampleUITests;
			productReference = FAEC02B51C397CE5004D6D31 /* UIBehavioursExampleUITests.xctest */;
			productType = "com.apple.product-type.bundle.ui-testing";
		};
/* End PBXNativeTarget section */

/* Begin PBXProject section */
		FAEC02861C397CE4004D6D31 /* Project object */ = {
			isa = PBXProject;
			attributes = {
				LastUpgradeCheck = 0720;
				ORGANIZATIONNAME = "Alex Bakhtin";
				TargetAttributes = {
					FAEC028D1C397CE5004D6D31 = {
						CreatedOnToolsVersion = 7.2;
					};
					FAEC02A91C397CE5004D6D31 = {
						CreatedOnToolsVersion = 7.2;
						TestTargetID = FAEC028D1C397CE5004D6D31;
					};
					FAEC02B41C397CE5004D6D31 = {
						CreatedOnToolsVersion = 7.2;
						TestTargetID = FAEC028D1C397CE5004D6D31;
					};
				};
			};
			buildConfigurationList = FAEC02891C397CE4004D6D31 /* Build configuration list for PBXProject "UIBehavioursExample" */;
			compatibilityVersion = "Xcode 3.2";
			developmentRegion = English;
			hasScannedForEncodings = 0;
			knownRegions = (
				en,
				Base,
			);
			mainGroup = FAEC02851C397CE4004D6D31;
			productRefGroup = FAEC028F1C397CE5004D6D31 /* Products */;
			projectDirPath = "";
			projectRoot = "";
			targets = (
				FAEC028D1C397CE5004D6D31 /* UIBehavioursExample */,
				FAEC02A91C397CE5004D6D31 /* UIBehavioursExampleTests */,
				FAEC02B41C397CE5004D6D31 /* UIBehavioursExampleUITests */,
			);
		};
/* End PBXProject section */

/* Begin PBXResourcesBuildPhase section */
		FAEC028C1C397CE5004D6D31 /* Resources */ = {
			isa = PBXResourcesBuildPhase;
			buildActionMask = 2147483647;
			files = (
				FAEC02A41C397CE5004D6D31 /* LaunchScreen.storyboard in Resources */,
				FAEC02A11C397CE5004D6D31 /* Assets.xcassets in Resources */,
				FAEC029C1C397CE5004D6D31 /* Main.storyboard in Resources */,
			);
			runOnlyForDeploymentPostprocessing = 0;
		};
		FAEC02A81C397CE5004D6D31 /* Resources */ = {
			isa = PBXResourcesBuildPhase;
			buildActionMask = 2147483647;
			files = (
			);
			runOnlyForDeploymentPostprocessing = 0;
		};
		FAEC02B31C397CE5004D6D31 /* Resources */ = {
			isa = PBXResourcesBuildPhase;
			buildActionMask = 2147483647;
			files = (
			);
			runOnlyForDeploymentPostprocessing = 0;
		};
/* End PBXResourcesBuildPhase section */

/* Begin PBXSourcesBuildPhase section */
		FAEC028A1C397CE5004D6D31 /* Sources */ = {
			isa = PBXSourcesBuildPhase;
			buildActionMask = 2147483647;
			files = (
				FAEC029F1C397CE5004D6D31 /* UIBehavioursExample.xcdatamodeld in Sources */,
				FA82AD131C399F7C007AC32B /* DelegateForwarder.m in Sources */,
				FA82AD1C1C399F7C007AC32B /* UIView+UIBehaviours.m in Sources */,
				FAEC02991C397CE5004D6D31 /* ViewController.m in Sources */,
				FAEC02961C397CE5004D6D31 /* AppDelegate.m in Sources */,
				FAEC02931C397CE5004D6D31 /* main.m in Sources */,
				FA82AD161C399F7C007AC32B /* TextFieldFormattingBehavoiur.m in Sources */,
				FA82AD191C399F7C007AC32B /* UIBehaviour.m in Sources */,
			);
			runOnlyForDeploymentPostprocessing = 0;
		};
		FAEC02A61C397CE5004D6D31 /* Sources */ = {
			isa = PBXSourcesBuildPhase;
			buildActionMask = 2147483647;
			files = (
				FAEC02AF1C397CE5004D6D31 /* UIBehavioursExampleTests.m in Sources */,
				FA82AD141C399F7C007AC32B /* DelegateForwarder.m in Sources */,
				FA82AD1D1C399F7C007AC32B /* UIView+UIBehaviours.m in Sources */,
				FA82AD171C399F7C007AC32B /* TextFieldFormattingBehavoiur.m in Sources */,
				FA82AD1A1C399F7C007AC32B /* UIBehaviour.m in Sources */,
			);
			runOnlyForDeploymentPostprocessing = 0;
		};
		FAEC02B11C397CE5004D6D31 /* Sources */ = {
			isa = PBXSourcesBuildPhase;
			buildActionMask = 2147483647;
			files = (
				FAEC02BA1C397CE5004D6D31 /* UIBehavioursExampleUITests.m in Sources */,
				FA82AD151C399F7C007AC32B /* DelegateForwarder.m in Sources */,
				FA82AD1E1C399F7C007AC32B /* UIView+UIBehaviours.m in Sources */,
				FA82AD181C399F7C007AC32B /* TextFieldFormattingBehavoiur.m in Sources */,
				FA82AD1B1C399F7C007AC32B /* UIBehaviour.m in Sources */,
			);
			runOnlyForDeploymentPostprocessing = 0;
		};
/* End PBXSourcesBuildPhase section */

/* Begin PBXTargetDependency section */
		FAEC02AC1C397CE5004D6D31 /* PBXTargetDependency */ = {
			isa = PBXTargetDependency;
			target = FAEC028D1C397CE5004D6D31 /* UIBehavioursExample */;
			targetProxy = FAEC02AB1C397CE5004D6D31 /* PBXContainerItemProxy */;
		};
		FAEC02B71C397CE5004D6D31 /* PBXTargetDependency */ = {
			isa = PBXTargetDependency;
			target = FAEC028D1C397CE5004D6D31 /* UIBehavioursExample */;
			targetProxy = FAEC02B61C397CE5004D6D31 /* PBXContainerItemProxy */;
		};
/* End PBXTargetDependency section */

/* Begin PBXVariantGroup section */
		FAEC029A1C397CE5004D6D31 /* Main.storyboard */ = {
			isa = PBXVariantGroup;
			children = (
				FAEC029B1C397CE5004D6D31 /* Base */,
			);
			name = Main.storyboard;
			sourceTree = "<group>";
		};
		FAEC02A21C397CE5004D6D31 /* LaunchScreen.storyboard */ = {
			isa = PBXVariantGroup;
			children = (
				FAEC02A31C397CE5004D6D31 /* Base */,
			);
			name = LaunchScreen.storyboard;
			sourceTree = "<group>";
		};
/* End PBXVariantGroup section */

/* Begin XCBuildConfiguration section */
		FAEC02BC1C397CE5004D6D31 /* Debug */ = {
			isa = XCBuildConfiguration;
			buildSettings = {
				ALWAYS_SEARCH_USER_PATHS = NO;
				CLANG_CXX_LANGUAGE_STANDARD = "gnu++0x";
				CLANG_CXX_LIBRARY = "libc++";
				CLANG_ENABLE_MODULES = YES;
				CLANG_ENABLE_OBJC_ARC = YES;
				CLANG_WARN_BOOL_CONVERSION = YES;
				CLANG_WARN_CONSTANT_CONVERSION = YES;
				CLANG_WARN_DIRECT_OBJC_ISA_USAGE = YES_ERROR;
				CLANG_WARN_EMPTY_BODY = YES;
				CLANG_WARN_ENUM_CONVERSION = YES;
				CLANG_WARN_INT_CONVERSION = YES;
				CLANG_WARN_OBJC_ROOT_CLASS = YES_ERROR;
				CLANG_WARN_UNREACHABLE_CODE = YES;
				CLANG_WARN__DUPLICATE_METHOD_MATCH = YES;
				"CODE_SIGN_IDENTITY[sdk=iphoneos*]" = "iPhone Developer";
				COPY_PHASE_STRIP = NO;
				DEBUG_INFORMATION_FORMAT = dwarf;
				ENABLE_STRICT_OBJC_MSGSEND = YES;
				ENABLE_TESTABILITY = YES;
				GCC_C_LANGUAGE_STANDARD = gnu99;
				GCC_DYNAMIC_NO_PIC = NO;
				GCC_NO_COMMON_BLOCKS = YES;
				GCC_OPTIMIZATION_LEVEL = 0;
				GCC_PREPROCESSOR_DEFINITIONS = (
					"DEBUG=1",
					"$(inherited)",
				);
				GCC_WARN_64_TO_32_BIT_CONVERSION = YES;
				GCC_WARN_ABOUT_RETURN_TYPE = YES_ERROR;
				GCC_WARN_UNDECLARED_SELECTOR = YES;
				GCC_WARN_UNINITIALIZED_AUTOS = YES_AGGRESSIVE;
				GCC_WARN_UNUSED_FUNCTION = YES;
				GCC_WARN_UNUSED_VARIABLE = YES;
				IPHONEOS_DEPLOYMENT_TARGET = 9.2;
				MTL_ENABLE_DEBUG_INFO = YES;
				ONLY_ACTIVE_ARCH = YES;
				SDKROOT = iphoneos;
			};
			name = Debug;
		};
		FAEC02BD1C397CE5004D6D31 /* Release */ = {
			isa = XCBuildConfiguration;
			buildSettings = {
				ALWAYS_SEARCH_USER_PATHS = NO;
				CLANG_CXX_LANGUAGE_STANDARD = "gnu++0x";
				CLANG_CXX_LIBRARY = "libc++";
				CLANG_ENABLE_MODULES = YES;
				CLANG_ENABLE_OBJC_ARC = YES;
				CLANG_WARN_BOOL_CONVERSION = YES;
				CLANG_WARN_CONSTANT_CONVERSION = YES;
				CLANG_WARN_DIRECT_OBJC_ISA_USAGE = YES_ERROR;
				CLANG_WARN_EMPTY_BODY = YES;
				CLANG_WARN_ENUM_CONVERSION = YES;
				CLANG_WARN_INT_CONVERSION = YES;
				CLANG_WARN_OBJC_ROOT_CLASS = YES_ERROR;
				CLANG_WARN_UNREACHABLE_CODE = YES;
				CLANG_WARN__DUPLICATE_METHOD_MATCH = YES;
				"CODE_SIGN_IDENTITY[sdk=iphoneos*]" = "iPhone Developer";
				COPY_PHASE_STRIP = NO;
				DEBUG_INFORMATION_FORMAT = "dwarf-with-dsym";
				ENABLE_NS_ASSERTIONS = NO;
				ENABLE_STRICT_OBJC_MSGSEND = YES;
				GCC_C_LANGUAGE_STANDARD = gnu99;
				GCC_NO_COMMON_BLOCKS = YES;
				GCC_WARN_64_TO_32_BIT_CONVERSION = YES;
				GCC_WARN_ABOUT_RETURN_TYPE = YES_ERROR;
				GCC_WARN_UNDECLARED_SELECTOR = YES;
				GCC_WARN_UNINITIALIZED_AUTOS = YES_AGGRESSIVE;
				GCC_WARN_UNUSED_FUNCTION = YES;
				GCC_WARN_UNUSED_VARIABLE = YES;
				IPHONEOS_DEPLOYMENT_TARGET = 9.2;
				MTL_ENABLE_DEBUG_INFO = NO;
				SDKROOT = iphoneos;
				VALIDATE_PRODUCT = YES;
			};
			name = Release;
		};
		FAEC02BF1C397CE5004D6D31 /* Debug */ = {
			isa = XCBuildConfiguration;
			buildSettings = {
				ASSETCATALOG_COMPILER_APPICON_NAME = AppIcon;
				INFOPLIST_FILE = UIBehavioursExample/Info.plist;
				LD_RUNPATH_SEARCH_PATHS = "$(inherited) @executable_path/Frameworks";
				PRODUCT_BUNDLE_IDENTIFIER = com.bakhtin.UIBehavioursExample;
				PRODUCT_NAME = "$(TARGET_NAME)";
			};
			name = Debug;
		};
		FAEC02C01C397CE5004D6D31 /* Release */ = {
			isa = XCBuildConfiguration;
			buildSettings = {
				ASSETCATALOG_COMPILER_APPICON_NAME = AppIcon;
				INFOPLIST_FILE = UIBehavioursExample/Info.plist;
				LD_RUNPATH_SEARCH_PATHS = "$(inherited) @executable_path/Frameworks";
				PRODUCT_BUNDLE_IDENTIFIER = com.bakhtin.UIBehavioursExample;
				PRODUCT_NAME = "$(TARGET_NAME)";
			};
			name = Release;
		};
		FAEC02C21C397CE5004D6D31 /* Debug */ = {
			isa = XCBuildConfiguration;
			buildSettings = {
				BUNDLE_LOADER = "$(TEST_HOST)";
				INFOPLIST_FILE = UIBehavioursExampleTests/Info.plist;
				LD_RUNPATH_SEARCH_PATHS = "$(inherited) @executable_path/Frameworks @loader_path/Frameworks";
				PRODUCT_BUNDLE_IDENTIFIER = com.bakhtin.UIBehavioursExampleTests;
				PRODUCT_NAME = "$(TARGET_NAME)";
				TEST_HOST = "$(BUILT_PRODUCTS_DIR)/UIBehavioursExample.app/UIBehavioursExample";
			};
			name = Debug;
		};
		FAEC02C31C397CE5004D6D31 /* Release */ = {
			isa = XCBuildConfiguration;
			buildSettings = {
				BUNDLE_LOADER = "$(TEST_HOST)";
				INFOPLIST_FILE = UIBehavioursExampleTests/Info.plist;
				LD_RUNPATH_SEARCH_PATHS = "$(inherited) @executable_path/Frameworks @loader_path/Frameworks";
				PRODUCT_BUNDLE_IDENTIFIER = com.bakhtin.UIBehavioursExampleTests;
				PRODUCT_NAME = "$(TARGET_NAME)";
				TEST_HOST = "$(BUILT_PRODUCTS_DIR)/UIBehavioursExample.app/UIBehavioursExample";
			};
			name = Release;
		};
		FAEC02C51C397CE5004D6D31 /* Debug */ = {
			isa = XCBuildConfiguration;
			buildSettings = {
				INFOPLIST_FILE = UIBehavioursExampleUITests/Info.plist;
				LD_RUNPATH_SEARCH_PATHS = "$(inherited) @executable_path/Frameworks @loader_path/Frameworks";
				PRODUCT_BUNDLE_IDENTIFIER = com.bakhtin.UIBehavioursExampleUITests;
				PRODUCT_NAME = "$(TARGET_NAME)";
				TEST_TARGET_NAME = UIBehavioursExample;
				USES_XCTRUNNER = YES;
			};
			name = Debug;
		};
		FAEC02C61C397CE5004D6D31 /* Release */ = {
			isa = XCBuildConfiguration;
			buildSettings = {
				INFOPLIST_FILE = UIBehavioursExampleUITests/Info.plist;
				LD_RUNPATH_SEARCH_PATHS = "$(inherited) @executable_path/Frameworks @loader_path/Frameworks";
				PRODUCT_BUNDLE_IDENTIFIER = com.bakhtin.UIBehavioursExampleUITests;
				PRODUCT_NAME = "$(TARGET_NAME)";
				TEST_TARGET_NAME = UIBehavioursExample;
				USES_XCTRUNNER = YES;
			};
			name = Release;
		};
/* End XCBuildConfiguration section */

/* Begin XCConfigurationList section */
		FAEC02891C397CE4004D6D31 /* Build configuration list for PBXProject "UIBehavioursExample" */ = {
			isa = XCConfigurationList;
			buildConfigurations = (
				FAEC02BC1C397CE5004D6D31 /* Debug */,
				FAEC02BD1C397CE5004D6D31 /* Release */,
			);
			defaultConfigurationIsVisible = 0;
			defaultConfigurationName = Release;
		};
		FAEC02BE1C397CE5004D6D31 /* Build configuration list for PBXNativeTarget "UIBehavioursExample" */ = {
			isa = XCConfigurationList;
			buildConfigurations = (
				FAEC02BF1C397CE5004D6D31 /* Debug */,
				FAEC02C01C397CE5004D6D31 /* Release */,
			);
			defaultConfigurationIsVisible = 0;
			defaultConfigurationName = Release;
		};
		FAEC02C11C397CE5004D6D31 /* Build configuration list for PBXNativeTarget "UIBehavioursExampleTests" */ = {
			isa = XCConfigurationList;
			buildConfigurations = (
				FAEC02C21C397CE5004D6D31 /* Debug */,
				FAEC02C31C397CE5004D6D31 /* Release */,
			);
			defaultConfigurationIsVisible = 0;
			defaultConfigurationName = Release;
		};
		FAEC02C41C397CE5004D6D31 /* Build configuration list for PBXNativeTarget "UIBehavioursExampleUITests" */ = {
			isa = XCConfigurationList;
			buildConfigurations = (
				FAEC02C51C397CE5004D6D31 /* Debug */,
				FAEC02C61C397CE5004D6D31 /* Release */,
			);
			defaultConfigurationIsVisible = 0;
			defaultConfigurationName = Release;
		};
/* End XCConfigurationList section */

/* Begin XCVersionGroup section */
		FAEC029D1C397CE5004D6D31 /* UIBehavioursExample.xcdatamodeld */ = {
			isa = XCVersionGroup;
			children = (
				FAEC029E1C397CE5004D6D31 /* UIBehavioursExample.xcdatamodel */,
			);
			currentVersion = FAEC029E1C397CE5004D6D31 /* UIBehavioursExample.xcdatamodel */;
			path = UIBehavioursExample.xcdatamodeld;
			sourceTree = "<group>";
			versionGroupType = wrapper.xcdatamodel;
		};
/* End XCVersionGroup section */
	};
	rootObject = FAEC02861C397CE4004D6D31 /* Project object */;
}
